
Microsoft Visual Studio Solution File, Format Version 12.00
# Visual Studio Version 16
VisualStudioVersion = 16.0.30114.105
MinimumVisualStudioVersion = 10.0.40219.1
Project("{9A19103F-16F7-4668-BE54-9A1E7A4F7556}") = "ultimoteste", "ultimoteste.csproj", "{11086037-325E-4378-B324-058BA4C2A774}"
EndProject
Global
	GlobalSection(SolutionConfigurationPlatforms) = preSolution
		Debug|Any CPU = Debug|Any CPU
		Debug|x64 = Debug|x64
		Debug|x86 = Debug|x86
		Release|Any CPU = Release|Any CPU
		Release|x64 = Release|x64
		Release|x86 = Release|x86
	EndGlobalSection
	GlobalSection(ProjectConfigurationPlatforms) = postSolution
		{11086037-325E-4378-B324-058BA4C2A774}.Debug|Any CPU.ActiveCfg = Debug|Any CPU
		{11086037-325E-4378-B324-058BA4C2A774}.Debug|Any CPU.Build.0 = Debug|Any CPU
		{11086037-325E-4378-B324-058BA4C2A774}.Debug|x64.ActiveCfg = Debug|Any CPU
		{11086037-325E-4378-B324-058BA4C2A774}.Debug|x64.Build.0 = Debug|Any CPU
		{11086037-325E-4378-B324-058BA4C2A774}.Debug|x86.ActiveCfg = Debug|Any CPU
		{11086037-325E-4378-B324-058BA4C2A774}.Debug|x86.Build.0 = Debug|Any CPU
		{11086037-325E-4378-B324-058BA4C2A774}.Release|Any CPU.ActiveCfg = Release|Any CPU
		{11086037-325E-4378-B324-058BA4C2A774}.Release|Any CPU.Build.0 = Release|Any CPU
		{11086037-325E-4378-B324-058BA4C2A774}.Release|x64.ActiveCfg = Release|Any CPU
		{11086037-325E-4378-B324-058BA4C2A774}.Release|x64.Build.0 = Release|Any CPU
		{11086037-325E-4378-B324-058BA4C2A774}.Release|x86.ActiveCfg = Release|Any CPU
		{11086037-325E-4378-B324-058BA4C2A774}.Release|x86.Build.0 = Release|Any CPU
	EndGlobalSection
	GlobalSection(SolutionProperties) = preSolution
		HideSolutionNode = FALSE
	EndGlobalSection
	GlobalSection(ExtensibilityGlobals) = postSolution
		SolutionGuid = {54636945-88A5-425C-83FE-D59EC73225CF}
	EndGlobalSection
EndGlobal
